# THIS IS AN AUTOGENERATED FILE. DO NOT EDIT THIS FILE DIRECTLY.
# yarn lockfile v1


heic-convert@^1.2.4:
  version "1.2.4"
  resolved "https://registry.npmjs.org/heic-convert/-/heic-convert-1.2.4.tgz#605820f98ace3949a40fc7b263ee0bc573a0176b"
  integrity sha512-klJHyv+BqbgKiCQvCqI9IKIvweCcohDuDl0Jphearj8+16+v8eff2piVevHqq4dW9TK0r1onTR6PKHP1I4hdbA==
  dependencies:
    heic-decode "^1.1.2"
    jpeg-js "^0.4.1"
    pngjs "^3.4.0"

heic-decode@^1.1.2:
  version "1.1.2"
  resolved "https://registry.npmjs.org/heic-decode/-/heic-decode-1.1.2.tgz#974701666432e31ed64b2263a1ece7cff5218209"
  integrity sha512-UF8teegxvzQPdSTcx5frIUhitNDliz/9Pui0JFdIqVRE00spVE33DcCYtZqaLNyd4y5RP/QQWZFIc1YWVKKm2A==
  dependencies:
    libheif-js "^1.10.0"

jpeg-js@^0.4.1:
  version "0.4.3"
  resolved "https://registry.npmjs.org/jpeg-js/-/jpeg-js-0.4.3.tgz#6158e09f1983ad773813704be80680550eff977b"
  integrity sha512-ru1HWKek8octvUHFHvE5ZzQ1yAsJmIvRdGWvSoKV52XKyuyYA437QWDttXT8eZXDSbuMpHlLzPDZUPd6idIz+Q==

libheif-js@^1.10.0:
  version "1.11.0"
  resolved "https://registry.npmjs.org/libheif-js/-/libheif-js-1.11.0.tgz#8fdf4b987bece6c014af8209189dce087874035a"
  integrity sha512-GzR94duth06lce6fSeGnnkV9gWv8lDYRApO+X1w/OHm6C0oPipIvB3DFL4fMhz73ZQP534ib51D2Hu/uPRL/Dw==

pngjs@^3.4.0:
  version "3.4.0"
  resolved "https://registry.npmjs.org/pngjs/-/pngjs-3.4.0.tgz#99ca7d725965fb655814eaf65f38f12bbdbf555f"
  integrity sha512-NCrCHhWmnQklfH4MtJMRjZ2a8c80qXeMlQMv2uVp9ISJMTt562SbGd6n2oq0PaPgKm7Z6pL9E2UlLIhC+SHL3w==
